
Microsoft Visual Studio Solution File, Format Version 12.00
# Visual Studio Version 16
VisualStudioVersion = 16.0.29806.167
MinimumVisualStudioVersion = 10.0.40219.1
Project("{FAE04EC0-301F-11D3-BF4B-00C04F79EFBC}") = "WebsocketGameServer", "WebsocketGameServer\WebsocketGameServer.csproj", "{E3352BBD-8887-4EB5-88AA-E6FC4D59F1E9}"
EndProject
Global
	GlobalSection(SolutionConfigurationPlatforms) = preSolution
		Debug|Any CPU = Debug|Any CPU
		Release|Any CPU = Release|Any CPU
	EndGlobalSection
	GlobalSection(ProjectConfigurationPlatforms) = postSolution
		{E3352BBD-8887-4EB5-88AA-E6FC4D59F1E9}.Debug|Any CPU.ActiveCfg = Debug|Any CPU
		{E3352BBD-8887-4EB5-88AA-E6FC4D59F1E9}.Debug|Any CPU.Build.0 = Debug|Any CPU
		{E3352BBD-8887-4EB5-88AA-E6FC4D59F1E9}.Release|Any CPU.ActiveCfg = Release|Any CPU
		{E3352BBD-8887-4EB5-88AA-E6FC4D59F1E9}.Release|Any CPU.Build.0 = Release|Any CPU
	EndGlobalSection
	GlobalSection(SolutionProperties) = preSolution
		HideSolutionNode = FALSE
	EndGlobalSection
	GlobalSection(ExtensibilityGlobals) = postSolution
		SolutionGuid = {23AA4822-D0F1-4CCC-9548-8F31C8FAA460}
	EndGlobalSection
EndGlobal
